# THIS IS AN AUTOGENERATED FILE. DO NOT EDIT THIS FILE DIRECTLY.
# yarn lockfile v1


"@nitra/prettier-config@^1.0.0":
  version "1.0.0"
  resolved "https://registry.yarnpkg.com/@nitra/prettier-config/-/prettier-config-1.0.0.tgz#f45519d5f85820b2c45981865b13ff4d360e4c0f"
  integrity sha512-r/o48pk3Dnne/xQXXUd8Rv2fwNCvTZqT9DroiyFiLDty6tq36i/QaskBJsrv/GuYNKI07jeSN5mAVoxzOqvz4g==

escape-string-regexp@^2.0.0:
  version "2.0.0"
  resolved "https://registry.yarnpkg.com/escape-string-regexp/-/escape-string-regexp-2.0.0.tgz#a30304e99daa32e23b2fd20f51babd07cffca344"
  integrity sha512-UpzcLCXolUWcNu5HtVMHYdXJjArjsF9C0aNnquZYY4uW/Vu0miy5YoWvbV345HauVvcAUnpRuhMMcqTcGOY2+w==

kleur@^4.1.4:
  version "4.1.4"
  resolved "https://registry.yarnpkg.com/kleur/-/kleur-4.1.4.tgz#8c202987d7e577766d039a8cd461934c01cda04d"
  integrity sha512-8QADVssbrFjivHWQU7KkMgptGTl6WAcSdlbBPY4uNF+mWr6DGcKrvY2w4FQJoXch7+fKMjj0dRrL75vk3k23OA==

stack-utils@^2.0.5:
  version "2.0.5"
  resolved "https://registry.yarnpkg.com/stack-utils/-/stack-utils-2.0.5.tgz#d25265fca995154659dbbfba3b49254778d2fdd5"
  integrity sha512-xrQcmYhOsn/1kX+Vraq+7j4oE2j/6BFscZ0etmYg81xuM8Gq0022Pxb8+IqgOFUIaxHs0KaSb7T1+OegiNrNFA==
  dependencies:
    escape-string-regexp "^2.0.0"

test-director@7.0.0:
  version "7.0.0"
  resolved "https://registry.yarnpkg.com/test-director/-/test-director-7.0.0.tgz#09c4cf24e425e98f57717948317b7249b1596523"
  integrity sha512-PI76q9k8M8Vv4afYQKmGI9SP/nQpYp9ejLRRX7XfoHtbWxU4Q9Jrb6olgp+8khNrF5cIsKyXj1p1MVMdgyRMwQ==
  dependencies:
    kleur "^4.1.4"
    stack-utils "^2.0.5"
